
Microsoft Visual Studio Solution File, Format Version 12.00
# Visual Studio Version 17
VisualStudioVersion = 17.11.35219.272
MinimumVisualStudioVersion = 10.0.40219.1
Project("{FAE04EC0-301F-11D3-BF4B-00C04F79EFBC}") = "Tp5-AppFakeStore", "Tp5-AppFakeStore\Tp5-AppFakeStore.csproj", "{98E478E8-AE9C-4915-B1D6-0054BE2EB30A}"
EndProject
Global
	GlobalSection(SolutionConfigurationPlatforms) = preSolution
		Debug|Any CPU = Debug|Any CPU
		Release|Any CPU = Release|Any CPU
	EndGlobalSection
	GlobalSection(ProjectConfigurationPlatforms) = postSolution
		{98E478E8-AE9C-4915-B1D6-0054BE2EB30A}.Debug|Any CPU.ActiveCfg = Debug|Any CPU
		{98E478E8-AE9C-4915-B1D6-0054BE2EB30A}.Debug|Any CPU.Build.0 = Debug|Any CPU
		{98E478E8-AE9C-4915-B1D6-0054BE2EB30A}.Debug|Any CPU.Deploy.0 = Debug|Any CPU
		{98E478E8-AE9C-4915-B1D6-0054BE2EB30A}.Release|Any CPU.ActiveCfg = Release|Any CPU
		{98E478E8-AE9C-4915-B1D6-0054BE2EB30A}.Release|Any CPU.Build.0 = Release|Any CPU
		{98E478E8-AE9C-4915-B1D6-0054BE2EB30A}.Release|Any CPU.Deploy.0 = Release|Any CPU
	EndGlobalSection
	GlobalSection(SolutionProperties) = preSolution
		HideSolutionNode = FALSE
	EndGlobalSection
	GlobalSection(ExtensibilityGlobals) = postSolution
		SolutionGuid = {3E52F401-2DA4-44A8-8B46-0D91038BE464}
	EndGlobalSection
EndGlobal
